
Microsoft Visual Studio Solution File, Format Version 12.00
# Visual Studio Version 17
VisualStudioVersion = 17.5.2.0
MinimumVisualStudioVersion = 10.0.40219.1
Project("{FAE04EC0-301F-11D3-BF4B-00C04F79EFBC}") = "Lists2", "Lists2\Lists2.csproj", "{DD364A86-8DC8-34F3-4AD0-71C2E46DD47C}"
EndProject
Project("{FAE04EC0-301F-11D3-BF4B-00C04F79EFBC}") = "Lists", "Lists\Lists.csproj", "{53563DF8-FD6E-285F-1E5F-6A48087B60C1}"
EndProject
Project("{2150E333-8FDC-42A3-9474-1A3956D46DE8}") = "Lists3", "Lists3", "{4D8A52B3-1F00-DAC1-12BF-A5CADCC58FA1}"
EndProject
Project("{FAE04EC0-301F-11D3-BF4B-00C04F79EFBC}") = "Lists3", "Lists3\Lists3\Lists3.csproj", "{C8C7F207-CF22-09D5-353E-0F3D181D98D1}"
EndProject
Project("{2150E333-8FDC-42A3-9474-1A3956D46DE8}") = "LinkedList1", "LinkedList1", "{748105A4-CCAA-723A-D4F0-336808E35589}"
EndProject
Project("{FAE04EC0-301F-11D3-BF4B-00C04F79EFBC}") = "LinkedList1", "LinkedList1\LinkedList1\LinkedList1.csproj", "{A1BFEA4B-91C7-4EA8-A35D-AAB2726C1236}"
EndProject
Project("{FAE04EC0-301F-11D3-BF4B-00C04F79EFBC}") = "LinkedList2", "LinkedList2\LinkedList2.csproj", "{70D4B247-10F1-4C27-A2F8-9B3771F1AD21}"
EndProject
Project("{FAE04EC0-301F-11D3-BF4B-00C04F79EFBC}") = "LinkedList3", "LinkedList3\LinkedList3.csproj", "{8EBC4239-E674-4C2C-8438-C7360A06E57F}"
EndProject
Project("{FAE04EC0-301F-11D3-BF4B-00C04F79EFBC}") = "RigoDeidad", "..\..\Calculo\RigoDeidad\RigoDeidad.csproj", "{50A882FA-9DC6-4710-9A1F-9EEA791909D7}"
EndProject
Project("{FAE04EC0-301F-11D3-BF4B-00C04F79EFBC}") = "Node", "Node\Node.csproj", "{DCF1EA3D-50E8-44CE-9910-2DDF71739BFB}"
EndProject
Project("{FAE04EC0-301F-11D3-BF4B-00C04F79EFBC}") = "PracticeLists", "PracticeLists\PracticeLists.csproj", "{F1C31D45-3457-4612-8B62-B0D5A53F8627}"
EndProject
Global
	GlobalSection(SolutionConfigurationPlatforms) = preSolution
		Debug|Any CPU = Debug|Any CPU
		Debug|x64 = Debug|x64
		Debug|x86 = Debug|x86
		Release|Any CPU = Release|Any CPU
		Release|x64 = Release|x64
		Release|x86 = Release|x86
	EndGlobalSection
	GlobalSection(ProjectConfigurationPlatforms) = postSolution
		{DD364A86-8DC8-34F3-4AD0-71C2E46DD47C}.Debug|Any CPU.ActiveCfg = Debug|Any CPU
		{DD364A86-8DC8-34F3-4AD0-71C2E46DD47C}.Debug|Any CPU.Build.0 = Debug|Any CPU
		{DD364A86-8DC8-34F3-4AD0-71C2E46DD47C}.Debug|x64.ActiveCfg = Debug|Any CPU
		{DD364A86-8DC8-34F3-4AD0-71C2E46DD47C}.Debug|x64.Build.0 = Debug|Any CPU
		{DD364A86-8DC8-34F3-4AD0-71C2E46DD47C}.Debug|x86.ActiveCfg = Debug|Any CPU
		{DD364A86-8DC8-34F3-4AD0-71C2E46DD47C}.Debug|x86.Build.0 = Debug|Any CPU
		{DD364A86-8DC8-34F3-4AD0-71C2E46DD47C}.Release|Any CPU.ActiveCfg = Release|Any CPU
		{DD364A86-8DC8-34F3-4AD0-71C2E46DD47C}.Release|Any CPU.Build.0 = Release|Any CPU
		{DD364A86-8DC8-34F3-4AD0-71C2E46DD47C}.Release|x64.ActiveCfg = Release|Any CPU
		{DD364A86-8DC8-34F3-4AD0-71C2E46DD47C}.Release|x64.Build.0 = Release|Any CPU
		{DD364A86-8DC8-34F3-4AD0-71C2E46DD47C}.Release|x86.ActiveCfg = Release|Any CPU
		{DD364A86-8DC8-34F3-4AD0-71C2E46DD47C}.Release|x86.Build.0 = Release|Any CPU
		{53563DF8-FD6E-285F-1E5F-6A48087B60C1}.Debug|Any CPU.ActiveCfg = Debug|Any CPU
		{53563DF8-FD6E-285F-1E5F-6A48087B60C1}.Debug|Any CPU.Build.0 = Debug|Any CPU
		{53563DF8-FD6E-285F-1E5F-6A48087B60C1}.Debug|x64.ActiveCfg = Debug|Any CPU
		{53563DF8-FD6E-285F-1E5F-6A48087B60C1}.Debug|x64.Build.0 = Debug|Any CPU
		{53563DF8-FD6E-285F-1E5F-6A48087B60C1}.Debug|x86.ActiveCfg = Debug|Any CPU
		{53563DF8-FD6E-285F-1E5F-6A48087B60C1}.Debug|x86.Build.0 = Debug|Any CPU
		{53563DF8-FD6E-285F-1E5F-6A48087B60C1}.Release|Any CPU.ActiveCfg = Release|Any CPU
		{53563DF8-FD6E-285F-1E5F-6A48087B60C1}.Release|Any CPU.Build.0 = Release|Any CPU
		{53563DF8-FD6E-285F-1E5F-6A48087B60C1}.Release|x64.ActiveCfg = Release|Any CPU
		{53563DF8-FD6E-285F-1E5F-6A48087B60C1}.Release|x64.Build.0 = Release|Any CPU
		{53563DF8-FD6E-285F-1E5F-6A48087B60C1}.Release|x86.ActiveCfg = Release|Any CPU
		{53563DF8-FD6E-285F-1E5F-6A48087B60C1}.Release|x86.Build.0 = Release|Any CPU
		{C8C7F207-CF22-09D5-353E-0F3D181D98D1}.Debug|Any CPU.ActiveCfg = Debug|Any CPU
		{C8C7F207-CF22-09D5-353E-0F3D181D98D1}.Debug|Any CPU.Build.0 = Debug|Any CPU
		{C8C7F207-CF22-09D5-353E-0F3D181D98D1}.Debug|x64.ActiveCfg = Debug|Any CPU
		{C8C7F207-CF22-09D5-353E-0F3D181D98D1}.Debug|x64.Build.0 = Debug|Any CPU
		{C8C7F207-CF22-09D5-353E-0F3D181D98D1}.Debug|x86.ActiveCfg = Debug|Any CPU
		{C8C7F207-CF22-09D5-353E-0F3D181D98D1}.Debug|x86.Build.0 = Debug|Any CPU
		{C8C7F207-CF22-09D5-353E-0F3D181D98D1}.Release|Any CPU.ActiveCfg = Release|Any CPU
		{C8C7F207-CF22-09D5-353E-0F3D181D98D1}.Release|Any CPU.Build.0 = Release|Any CPU
		{C8C7F207-CF22-09D5-353E-0F3D181D98D1}.Release|x64.ActiveCfg = Release|Any CPU
		{C8C7F207-CF22-09D5-353E-0F3D181D98D1}.Release|x64.Build.0 = Release|Any CPU
		{C8C7F207-CF22-09D5-353E-0F3D181D98D1}.Release|x86.ActiveCfg = Release|Any CPU
		{C8C7F207-CF22-09D5-353E-0F3D181D98D1}.Release|x86.Build.0 = Release|Any CPU
		{A1BFEA4B-91C7-4EA8-A35D-AAB2726C1236}.Debug|Any CPU.ActiveCfg = Debug|Any CPU
		{A1BFEA4B-91C7-4EA8-A35D-AAB2726C1236}.Debug|Any CPU.Build.0 = Debug|Any CPU
		{A1BFEA4B-91C7-4EA8-A35D-AAB2726C1236}.Debug|x64.ActiveCfg = Debug|Any CPU
		{A1BFEA4B-91C7-4EA8-A35D-AAB2726C1236}.Debug|x64.Build.0 = Debug|Any CPU
		{A1BFEA4B-91C7-4EA8-A35D-AAB2726C1236}.Debug|x86.ActiveCfg = Debug|Any CPU
		{A1BFEA4B-91C7-4EA8-A35D-AAB2726C1236}.Debug|x86.Build.0 = Debug|Any CPU
		{A1BFEA4B-91C7-4EA8-A35D-AAB2726C1236}.Release|Any CPU.ActiveCfg = Release|Any CPU
		{A1BFEA4B-91C7-4EA8-A35D-AAB2726C1236}.Release|Any CPU.Build.0 = Release|Any CPU
		{A1BFEA4B-91C7-4EA8-A35D-AAB2726C1236}.Release|x64.ActiveCfg = Release|Any CPU
		{A1BFEA4B-91C7-4EA8-A35D-AAB2726C1236}.Release|x64.Build.0 = Release|Any CPU
		{A1BFEA4B-91C7-4EA8-A35D-AAB2726C1236}.Release|x86.ActiveCfg = Release|Any CPU
		{A1BFEA4B-91C7-4EA8-A35D-AAB2726C1236}.Release|x86.Build.0 = Release|Any CPU
		{70D4B247-10F1-4C27-A2F8-9B3771F1AD21}.Debug|Any CPU.ActiveCfg = Debug|Any CPU
		{70D4B247-10F1-4C27-A2F8-9B3771F1AD21}.Debug|Any CPU.Build.0 = Debug|Any CPU
		{70D4B247-10F1-4C27-A2F8-9B3771F1AD21}.Debug|x64.ActiveCfg = Debug|Any CPU
		{70D4B247-10F1-4C27-A2F8-9B3771F1AD21}.Debug|x64.Build.0 = Debug|Any CPU
		{70D4B247-10F1-4C27-A2F8-9B3771F1AD21}.Debug|x86.ActiveCfg = Debug|Any CPU
		{70D4B247-10F1-4C27-A2F8-9B3771F1AD21}.Debug|x86.Build.0 = Debug|Any CPU
		{70D4B247-10F1-4C27-A2F8-9B3771F1AD21}.Release|Any CPU.ActiveCfg = Release|Any CPU
		{70D4B247-10F1-4C27-A2F8-9B3771F1AD21}.Release|Any CPU.Build.0 = Release|Any CPU
		{70D4B247-10F1-4C27-A2F8-9B3771F1AD21}.Release|x64.ActiveCfg = Release|Any CPU
		{70D4B247-10F1-4C27-A2F8-9B3771F1AD21}.Release|x64.Build.0 = Release|Any CPU
		{70D4B247-10F1-4C27-A2F8-9B3771F1AD21}.Release|x86.ActiveCfg = Release|Any CPU
		{70D4B247-10F1-4C27-A2F8-9B3771F1AD21}.Release|x86.Build.0 = Release|Any CPU
		{8EBC4239-E674-4C2C-8438-C7360A06E57F}.Debug|Any CPU.ActiveCfg = Debug|Any CPU
		{8EBC4239-E674-4C2C-8438-C7360A06E57F}.Debug|Any CPU.Build.0 = Debug|Any CPU
		{8EBC4239-E674-4C2C-8438-C7360A06E57F}.Debug|x64.ActiveCfg = Debug|Any CPU
		{8EBC4239-E674-4C2C-8438-C7360A06E57F}.Debug|x64.Build.0 = Debug|Any CPU
		{8EBC4239-E674-4C2C-8438-C7360A06E57F}.Debug|x86.ActiveCfg = Debug|Any CPU
		{8EBC4239-E674-4C2C-8438-C7360A06E57F}.Debug|x86.Build.0 = Debug|Any CPU
		{8EBC4239-E674-4C2C-8438-C7360A06E57F}.Release|Any CPU.ActiveCfg = Release|Any CPU
		{8EBC4239-E674-4C2C-8438-C7360A06E57F}.Release|Any CPU.Build.0 = Release|Any CPU
		{8EBC4239-E674-4C2C-8438-C7360A06E57F}.Release|x64.ActiveCfg = Release|Any CPU
		{8EBC4239-E674-4C2C-8438-C7360A06E57F}.Release|x64.Build.0 = Release|Any CPU
		{8EBC4239-E674-4C2C-8438-C7360A06E57F}.Release|x86.ActiveCfg = Release|Any CPU
		{8EBC4239-E674-4C2C-8438-C7360A06E57F}.Release|x86.Build.0 = Release|Any CPU
		{50A882FA-9DC6-4710-9A1F-9EEA791909D7}.Debug|Any CPU.ActiveCfg = Debug|Any CPU
		{50A882FA-9DC6-4710-9A1F-9EEA791909D7}.Debug|Any CPU.Build.0 = Debug|Any CPU
		{50A882FA-9DC6-4710-9A1F-9EEA791909D7}.Debug|x64.ActiveCfg = Debug|Any CPU
		{50A882FA-9DC6-4710-9A1F-9EEA791909D7}.Debug|x64.Build.0 = Debug|Any CPU
		{50A882FA-9DC6-4710-9A1F-9EEA791909D7}.Debug|x86.ActiveCfg = Debug|Any CPU
		{50A882FA-9DC6-4710-9A1F-9EEA791909D7}.Debug|x86.Build.0 = Debug|Any CPU
		{50A882FA-9DC6-4710-9A1F-9EEA791909D7}.Release|Any CPU.ActiveCfg = Release|Any CPU
		{50A882FA-9DC6-4710-9A1F-9EEA791909D7}.Release|Any CPU.Build.0 = Release|Any CPU
		{50A882FA-9DC6-4710-9A1F-9EEA791909D7}.Release|x64.ActiveCfg = Release|Any CPU
		{50A882FA-9DC6-4710-9A1F-9EEA791909D7}.Release|x64.Build.0 = Release|Any CPU
		{50A882FA-9DC6-4710-9A1F-9EEA791909D7}.Release|x86.ActiveCfg = Release|Any CPU
		{50A882FA-9DC6-4710-9A1F-9EEA791909D7}.Release|x86.Build.0 = Release|Any CPU
		{DCF1EA3D-50E8-44CE-9910-2DDF71739BFB}.Debug|Any CPU.ActiveCfg = Debug|Any CPU
		{DCF1EA3D-50E8-44CE-9910-2DDF71739BFB}.Debug|Any CPU.Build.0 = Debug|Any CPU
		{DCF1EA3D-50E8-44CE-9910-2DDF71739BFB}.Debug|x64.ActiveCfg = Debug|Any CPU
		{DCF1EA3D-50E8-44CE-9910-2DDF71739BFB}.Debug|x64.Build.0 = Debug|Any CPU
		{DCF1EA3D-50E8-44CE-9910-2DDF71739BFB}.Debug|x86.ActiveCfg = Debug|Any CPU
		{DCF1EA3D-50E8-44CE-9910-2DDF71739BFB}.Debug|x86.Build.0 = Debug|Any CPU
		{DCF1EA3D-50E8-44CE-9910-2DDF71739BFB}.Release|Any CPU.ActiveCfg = Release|Any CPU
		{DCF1EA3D-50E8-44CE-9910-2DDF71739BFB}.Release|Any CPU.Build.0 = Release|Any CPU
		{DCF1EA3D-50E8-44CE-9910-2DDF71739BFB}.Release|x64.ActiveCfg = Release|Any CPU
		{DCF1EA3D-50E8-44CE-9910-2DDF71739BFB}.Release|x64.Build.0 = Release|Any CPU
		{DCF1EA3D-50E8-44CE-9910-2DDF71739BFB}.Release|x86.ActiveCfg = Release|Any CPU
		{DCF1EA3D-50E8-44CE-9910-2DDF71739BFB}.Release|x86.Build.0 = Release|Any CPU
		{F1C31D45-3457-4612-8B62-B0D5A53F8627}.Debug|Any CPU.ActiveCfg = Debug|Any CPU
		{F1C31D45-3457-4612-8B62-B0D5A53F8627}.Debug|Any CPU.Build.0 = Debug|Any CPU
		{F1C31D45-3457-4612-8B62-B0D5A53F8627}.Debug|x64.ActiveCfg = Debug|Any CPU
		{F1C31D45-3457-4612-8B62-B0D5A53F8627}.Debug|x64.Build.0 = Debug|Any CPU
		{F1C31D45-3457-4612-8B62-B0D5A53F8627}.Debug|x86.ActiveCfg = Debug|Any CPU
		{F1C31D45-3457-4612-8B62-B0D5A53F8627}.Debug|x86.Build.0 = Debug|Any CPU
		{F1C31D45-3457-4612-8B62-B0D5A53F8627}.Release|Any CPU.ActiveCfg = Release|Any CPU
		{F1C31D45-3457-4612-8B62-B0D5A53F8627}.Release|Any CPU.Build.0 = Release|Any CPU
		{F1C31D45-3457-4612-8B62-B0D5A53F8627}.Release|x64.ActiveCfg = Release|Any CPU
		{F1C31D45-3457-4612-8B62-B0D5A53F8627}.Release|x64.Build.0 = Release|Any CPU
		{F1C31D45-3457-4612-8B62-B0D5A53F8627}.Release|x86.ActiveCfg = Release|Any CPU
		{F1C31D45-3457-4612-8B62-B0D5A53F8627}.Release|x86.Build.0 = Release|Any CPU
	EndGlobalSection
	GlobalSection(SolutionProperties) = preSolution
		HideSolutionNode = FALSE
	EndGlobalSection
	GlobalSection(NestedProjects) = preSolution
		{C8C7F207-CF22-09D5-353E-0F3D181D98D1} = {4D8A52B3-1F00-DAC1-12BF-A5CADCC58FA1}
		{A1BFEA4B-91C7-4EA8-A35D-AAB2726C1236} = {748105A4-CCAA-723A-D4F0-336808E35589}
	EndGlobalSection
	GlobalSection(ExtensibilityGlobals) = postSolution
		SolutionGuid = {EC8E38C8-0518-43D4-B115-849D1AD25C1B}
	EndGlobalSection
EndGlobal
